// !$*UTF8*$!
{
	archiveVersion = 1;
	classes = {
	};
	objectVersion = 46;
	objects = {

/* Begin PBXBuildFile section */
		421336911A202C8B00E4A888 /* opmlib.h in Headers */ = {isa = PBXBuildFile; fileRef = 421336901A202C8B00E4A888 /* opmlib.h */; settings = {ATTRIBUTES = (Public, ); }; };
		421336971A202C8B00E4A888 /* opmlib.framework in Frameworks */ = {isa = PBXBuildFile; fileRef = 4213368B1A202C8B00E4A888 /* opmlib.framework */; };
		421336BD1A202F0A00E4A888 /* PackageMetadata.h in Headers */ = {isa = PBXBuildFile; fileRef = 421336BB1A202F0A00E4A888 /* PackageMetadata.h */; settings = {ATTRIBUTES = (Public, ); }; };
		421336BE1A202F0A00E4A888 /* PackageMetadata.m in Sources */ = {isa = PBXBuildFile; fileRef = 421336BC1A202F0A00E4A888 /* PackageMetadata.m */; };
		421336C01A20336C00E4A888 /* PackageMetadataTests.m in Sources */ = {isa = PBXBuildFile; fileRef = 421336BF1A20336C00E4A888 /* PackageMetadataTests.m */; };
		421336C51A203A2200E4A888 /* NSError+OpmLib.h in Headers */ = {isa = PBXBuildFile; fileRef = 421336C31A203A2200E4A888 /* NSError+OpmLib.h */; settings = {ATTRIBUTES = (Public, ); }; };
		421336C61A203A2200E4A888 /* NSError+OpmLib.m in Sources */ = {isa = PBXBuildFile; fileRef = 421336C41A203A2200E4A888 /* NSError+OpmLib.m */; };
		421336C91A20439F00E4A888 /* Errors.strings in Resources */ = {isa = PBXBuildFile; fileRef = 421336CB1A20439F00E4A888 /* Errors.strings */; };
		42DC52941A2121DA00E7724A /* AsyncOperation.h in Headers */ = {isa = PBXBuildFile; fileRef = 42DC52921A2121DA00E7724A /* AsyncOperation.h */; };
		42DC52951A2121DA00E7724A /* AsyncOperation.m in Sources */ = {isa = PBXBuildFile; fileRef = 42DC52931A2121DA00E7724A /* AsyncOperation.m */; };
/* End PBXBuildFile section */

/* Begin PBXContainerItemProxy section */
		421336981A202C8B00E4A888 /* PBXContainerItemProxy */ = {
			isa = PBXContainerItemProxy;
			containerPortal = 421336821A202C8B00E4A888 /* Project object */;
			proxyType = 1;
			remoteGlobalIDString = 4213368A1A202C8B00E4A888;
			remoteInfo = opmlib;
		};
/* End PBXContainerItemProxy section */

/* Begin PBXFileReference section */
		4213368B1A202C8B00E4A888 /* opmlib.framework */ = {isa = PBXFileReference; explicitFileType = wrapper.framework; includeInIndex = 0; path = opmlib.framework; sourceTree = BUILT_PRODUCTS_DIR; };
		4213368F1A202C8B00E4A888 /* Info.plist */ = {isa = PBXFileReference; lastKnownFileType = text.plist.xml; path = Info.plist; sourceTree = "<group>"; };
		421336901A202C8B00E4A888 /* opmlib.h */ = {isa = PBXFileReference; lastKnownFileType = sourcecode.c.h; path = opmlib.h; sourceTree = "<group>"; };
		421336961A202C8B00E4A888 /* opmlibTests.xctest */ = {isa = PBXFileReference; explicitFileType = wrapper.cfbundle; includeInIndex = 0; path = opmlibTests.xctest; sourceTree = BUILT_PRODUCTS_DIR; };
		4213369C1A202C8B00E4A888 /* Info.plist */ = {isa = PBXFileReference; lastKnownFileType = text.plist.xml; path = Info.plist; sourceTree = "<group>"; };
		421336BB1A202F0A00E4A888 /* PackageMetadata.h */ = {isa = PBXFileReference; fileEncoding = 4; lastKnownFileType = sourcecode.c.h; path = PackageMetadata.h; sourceTree = "<group>"; };
		421336BC1A202F0A00E4A888 /* PackageMetadata.m */ = {isa = PBXFileReference; fileEncoding = 4; lastKnownFileType = sourcecode.c.objc; path = PackageMetadata.m; sourceTree = "<group>"; };
		421336BF1A20336C00E4A888 /* PackageMetadataTests.m */ = {isa = PBXFileReference; fileEncoding = 4; lastKnownFileType = sourcecode.c.objc; path = PackageMetadataTests.m; sourceTree = "<group>"; };
		421336C31A203A2200E4A888 /* NSError+OpmLib.h */ = {isa = PBXFileReference; fileEncoding = 4; lastKnownFileType = sourcecode.c.h; path = "NSError+OpmLib.h"; sourceTree = "<group>"; };
		421336C41A203A2200E4A888 /* NSError+OpmLib.m */ = {isa = PBXFileReference; fileEncoding = 4; lastKnownFileType = sourcecode.c.objc; path = "NSError+OpmLib.m"; sourceTree = "<group>"; };
		421336CA1A20439F00E4A888 /* en */ = {isa = PBXFileReference; lastKnownFileType = text.plist.strings; name = en; path = en.lproj/Errors.strings; sourceTree = "<group>"; };
		42DC52921A2121DA00E7724A /* AsyncOperation.h */ = {isa = PBXFileReference; fileEncoding = 4; lastKnownFileType = sourcecode.c.h; path = AsyncOperation.h; sourceTree = "<group>"; };
		42DC52931A2121DA00E7724A /* AsyncOperation.m */ = {isa = PBXFileReference; fileEncoding = 4; lastKnownFileType = sourcecode.c.objc; path = AsyncOperation.m; sourceTree = "<group>"; };
/* End PBXFileReference section */

/* Begin PBXFrameworksBuildPhase section */
		421336871A202C8B00E4A888 /* Frameworks */ = {
			isa = PBXFrameworksBuildPhase;
			buildActionMask = 2147483647;
			files = (
			);
			runOnlyForDeploymentPostprocessing = 0;
		};
		421336931A202C8B00E4A888 /* Frameworks */ = {
			isa = PBXFrameworksBuildPhase;
			buildActionMask = 2147483647;
			files = (
				421336971A202C8B00E4A888 /* opmlib.framework in Frameworks */,
			);
			runOnlyForDeploymentPostprocessing = 0;
		};
/* End PBXFrameworksBuildPhase section */

/* Begin PBXGroup section */
		421336811A202C8B00E4A888 = {
			isa = PBXGroup;
			children = (
				4213368D1A202C8B00E4A888 /* opmlib */,
				4213369A1A202C8B00E4A888 /* opmlibTests */,
				4213368C1A202C8B00E4A888 /* Products */,
			);
			sourceTree = "<group>";
		};
		4213368C1A202C8B00E4A888 /* Products */ = {
			isa = PBXGroup;
			children = (
				4213368B1A202C8B00E4A888 /* opmlib.framework */,
				421336961A202C8B00E4A888 /* opmlibTests.xctest */,
			);
			name = Products;
			sourceTree = "<group>";
		};
		4213368D1A202C8B00E4A888 /* opmlib */ = {
			isa = PBXGroup;
			children = (
				42DC52911A2121A100E7724A /* Operations */,
				4213368E1A202C8B00E4A888 /* Supporting Files */,
				421336901A202C8B00E4A888 /* opmlib.h */,
				421336C31A203A2200E4A888 /* NSError+OpmLib.h */,
				421336C41A203A2200E4A888 /* NSError+OpmLib.m */,
				421336BB1A202F0A00E4A888 /* PackageMetadata.h */,
				421336BC1A202F0A00E4A888 /* PackageMetadata.m */,
			);
			path = opmlib;
			sourceTree = "<group>";
		};
		4213368E1A202C8B00E4A888 /* Supporting Files */ = {
			isa = PBXGroup;
			children = (
				4213368F1A202C8B00E4A888 /* Info.plist */,
				421336CB1A20439F00E4A888 /* Errors.strings */,
			);
			name = "Supporting Files";
			sourceTree = "<group>";
		};
		4213369A1A202C8B00E4A888 /* opmlibTests */ = {
			isa = PBXGroup;
			children = (
				4213369B1A202C8B00E4A888 /* Supporting Files */,
				421336BF1A20336C00E4A888 /* PackageMetadataTests.m */,
			);
			path = opmlibTests;
			sourceTree = "<group>";
		};
		4213369B1A202C8B00E4A888 /* Supporting Files */ = {
			isa = PBXGroup;
			children = (
				4213369C1A202C8B00E4A888 /* Info.plist */,
			);
			name = "Supporting Files";
			sourceTree = "<group>";
		};
		42DC52911A2121A100E7724A /* Operations */ = {
			isa = PBXGroup;
			children = (
				42DC52921A2121DA00E7724A /* AsyncOperation.h */,
				42DC52931A2121DA00E7724A /* AsyncOperation.m */,
			);
			name = Operations;
			sourceTree = "<group>";
		};
/* End PBXGroup section */

/* Begin PBXHeadersBuildPhase section */
		421336881A202C8B00E4A888 /* Headers */ = {
			isa = PBXHeadersBuildPhase;
			buildActionMask = 2147483647;
			files = (
				421336BD1A202F0A00E4A888 /* PackageMetadata.h in Headers */,
				42DC52941A2121DA00E7724A /* AsyncOperation.h in Headers */,
				421336911A202C8B00E4A888 /* opmlib.h in Headers */,
				421336C51A203A2200E4A888 /* NSError+OpmLib.h in Headers */,
			);
			runOnlyForDeploymentPostprocessing = 0;
		};
/* End PBXHeadersBuildPhase section */

/* Begin PBXNativeTarget section */
		4213368A1A202C8B00E4A888 /* opmlib */ = {
			isa = PBXNativeTarget;
			buildConfigurationList = 421336A11A202C8B00E4A888 /* Build configuration list for PBXNativeTarget "opmlib" */;
			buildPhases = (
				421336861A202C8B00E4A888 /* Sources */,
				421336871A202C8B00E4A888 /* Frameworks */,
				421336881A202C8B00E4A888 /* Headers */,
				421336891A202C8B00E4A888 /* Resources */,
			);
			buildRules = (
			);
			dependencies = (
			);
			name = opmlib;
			productName = opmlib;
			productReference = 4213368B1A202C8B00E4A888 /* opmlib.framework */;
			productType = "com.apple.product-type.framework";
		};
		421336951A202C8B00E4A888 /* opmlibTests */ = {
			isa = PBXNativeTarget;
			buildConfigurationList = 421336A41A202C8B00E4A888 /* Build configuration list for PBXNativeTarget "opmlibTests" */;
			buildPhases = (
				421336921A202C8B00E4A888 /* Sources */,
				421336931A202C8B00E4A888 /* Frameworks */,
				421336941A202C8B00E4A888 /* Resources */,
			);
			buildRules = (
			);
			dependencies = (
				421336991A202C8B00E4A888 /* PBXTargetDependency */,
			);
			name = opmlibTests;
			productName = opmlibTests;
			productReference = 421336961A202C8B00E4A888 /* opmlibTests.xctest */;
			productType = "com.apple.product-type.bundle.unit-test";
		};
/* End PBXNativeTarget section */

/* Begin PBXProject section */
		421336821A202C8B00E4A888 /* Project object */ = {
			isa = PBXProject;
			attributes = {
				LastUpgradeCheck = 0610;
				ORGANIZATIONNAME = "Joshua Jones";
				TargetAttributes = {
					4213368A1A202C8B00E4A888 = {
						CreatedOnToolsVersion = 6.1;
					};
					421336951A202C8B00E4A888 = {
						CreatedOnToolsVersion = 6.1;
					};
				};
			};
			buildConfigurationList = 421336851A202C8B00E4A888 /* Build configuration list for PBXProject "opmlib" */;
			compatibilityVersion = "Xcode 3.2";
			developmentRegion = English;
			hasScannedForEncodings = 0;
			knownRegions = (
				en,
			);
			mainGroup = 421336811A202C8B00E4A888;
			productRefGroup = 4213368C1A202C8B00E4A888 /* Products */;
			projectDirPath = "";
			projectRoot = "";
			targets = (
				4213368A1A202C8B00E4A888 /* opmlib */,
				421336951A202C8B00E4A888 /* opmlibTests */,
			);
		};
/* End PBXProject section */

/* Begin PBXResourcesBuildPhase section */
		421336891A202C8B00E4A888 /* Resources */ = {
			isa = PBXResourcesBuildPhase;
			buildActionMask = 2147483647;
			files = (
				421336C91A20439F00E4A888 /* Errors.strings in Resources */,
			);
			runOnlyForDeploymentPostprocessing = 0;
		};
		421336941A202C8B00E4A888 /* Resources */ = {
			isa = PBXResourcesBuildPhase;
			buildActionMask = 2147483647;
			files = (
			);
			runOnlyForDeploymentPostprocessing = 0;
		};
/* End PBXResourcesBuildPhase section */

/* Begin PBXSourcesBuildPhase section */
		421336861A202C8B00E4A888 /* Sources */ = {
			isa = PBXSourcesBuildPhase;
			buildActionMask = 2147483647;
			files = (
				42DC52951A2121DA00E7724A /* AsyncOperation.m in Sources */,
				421336C61A203A2200E4A888 /* NSError+OpmLib.m in Sources */,
				421336BE1A202F0A00E4A888 /* PackageMetadata.m in Sources */,
			);
			runOnlyForDeploymentPostprocessing = 0;
		};
		421336921A202C8B00E4A888 /* Sources */ = {
			isa = PBXSourcesBuildPhase;
			buildActionMask = 2147483647;
			files = (
				421336C01A20336C00E4A888 /* PackageMetadataTests.m in Sources */,
			);
			runOnlyForDeploymentPostprocessing = 0;
		};
/* End PBXSourcesBuildPhase section */

/* Begin PBXTargetDependency section */
		421336991A202C8B00E4A888 /* PBXTargetDependency */ = {
			isa = PBXTargetDependency;
			target = 4213368A1A202C8B00E4A888 /* opmlib */;
			targetProxy = 421336981A202C8B00E4A888 /* PBXContainerItemProxy */;
		};
/* End PBXTargetDependency section */

/* Begin PBXVariantGroup section */
		421336CB1A20439F00E4A888 /* Errors.strings */ = {
			isa = PBXVariantGroup;
			children = (
				421336CA1A20439F00E4A888 /* en */,
			);
			name = Errors.strings;
			sourceTree = "<group>";
		};
/* End PBXVariantGroup section */

/* Begin XCBuildConfiguration section */
		4213369F1A202C8B00E4A888 /* Debug */ = {
			isa = XCBuildConfiguration;
			buildSettings = {
				ALWAYS_SEARCH_USER_PATHS = NO;
				CLANG_CXX_LANGUAGE_STANDARD = "gnu++0x";
				CLANG_CXX_LIBRARY = "libc++";
				CLANG_ENABLE_MODULES = YES;
				CLANG_ENABLE_OBJC_ARC = YES;
				CLANG_WARN_BOOL_CONVERSION = YES;
				CLANG_WARN_CONSTANT_CONVERSION = YES;
				CLANG_WARN_DIRECT_OBJC_ISA_USAGE = YES_ERROR;
				CLANG_WARN_EMPTY_BODY = YES;
				CLANG_WARN_ENUM_CONVERSION = YES;
				CLANG_WARN_INT_CONVERSION = YES;
				CLANG_WARN_OBJC_ROOT_CLASS = YES_ERROR;
				CLANG_WARN_UNREACHABLE_CODE = YES;
				CLANG_WARN__DUPLICATE_METHOD_MATCH = YES;
				COPY_PHASE_STRIP = NO;
				CURRENT_PROJECT_VERSION = 1;
				ENABLE_STRICT_OBJC_MSGSEND = YES;
				GCC_C_LANGUAGE_STANDARD = gnu99;
				GCC_DYNAMIC_NO_PIC = NO;
				GCC_OPTIMIZATION_LEVEL = 0;
				GCC_PREPROCESSOR_DEFINITIONS = (
					"DEBUG=1",
					"$(inherited)",
				);
				GCC_SYMBOLS_PRIVATE_EXTERN = NO;
				GCC_WARN_64_TO_32_BIT_CONVERSION = YES;
				GCC_WARN_ABOUT_RETURN_TYPE = YES_ERROR;
				GCC_WARN_UNDECLARED_SELECTOR = YES;
				GCC_WARN_UNINITIALIZED_AUTOS = YES_AGGRESSIVE;
				GCC_WARN_UNUSED_FUNCTION = YES;
				GCC_WARN_UNUSED_VARIABLE = YES;
				MACOSX_DEPLOYMENT_TARGET = 10.9;
				MTL_ENABLE_DEBUG_INFO = YES;
				ONLY_ACTIVE_ARCH = YES;
				SDKROOT = macosx;
				VERSIONING_SYSTEM = "apple-generic";
				VERSION_INFO_PREFIX = "";
			};
			name = Debug;
		};
		421336A01A202C8B00E4A888 /* Release */ = {
			isa = XCBuildConfiguration;
			buildSettings = {
				ALWAYS_SEARCH_USER_PATHS = NO;
				CLANG_CXX_LANGUAGE_STANDARD = "gnu++0x";
				CLANG_CXX_LIBRARY = "libc++";
				CLANG_ENABLE_MODULES = YES;
				CLANG_ENABLE_OBJC_ARC = YES;
				CLANG_WARN_BOOL_CONVERSION = YES;
				CLANG_WARN_CONSTANT_CONVERSION = YES;
				CLANG_WARN_DIRECT_OBJC_ISA_USAGE = YES_ERROR;
				CLANG_WARN_EMPTY_BODY = YES;
				CLANG_WARN_ENUM_CONVERSION = YES;
				CLANG_WARN_INT_CONVERSION = YES;
				CLANG_WARN_OBJC_ROOT_CLASS = YES_ERROR;
				CLANG_WARN_UNREACHABLE_CODE = YES;
				CLANG_WARN__DUPLICATE_METHOD_MATCH = YES;
				COPY_PHASE_STRIP = YES;
				CURRENT_PROJECT_VERSION = 1;
				DEBUG_INFORMATION_FORMAT = "dwarf-with-dsym";
				ENABLE_NS_ASSERTIONS = NO;
				ENABLE_STRICT_OBJC_MSGSEND = YES;
				GCC_C_LANGUAGE_STANDARD = gnu99;
				GCC_WARN_64_TO_32_BIT_CONVERSION = YES;
				GCC_WARN_ABOUT_RETURN_TYPE = YES_ERROR;
				GCC_WARN_UNDECLARED_SELECTOR = YES;
				GCC_WARN_UNINITIALIZED_AUTOS = YES_AGGRESSIVE;
				GCC_WARN_UNUSED_FUNCTION = YES;
				GCC_WARN_UNUSED_VARIABLE = YES;
				MACOSX_DEPLOYMENT_TARGET = 10.9;
				MTL_ENABLE_DEBUG_INFO = NO;
				SDKROOT = macosx;
				VERSIONING_SYSTEM = "apple-generic";
				VERSION_INFO_PREFIX = "";
			};
			name = Release;
		};
		421336A21A202C8B00E4A888 /* Debug */ = {
			isa = XCBuildConfiguration;
			buildSettings = {
				COMBINE_HIDPI_IMAGES = YES;
				DEFINES_MODULE = YES;
				DYLIB_COMPATIBILITY_VERSION = 1;
				DYLIB_CURRENT_VERSION = 1;
				DYLIB_INSTALL_NAME_BASE = "@rpath";
				FRAMEWORK_VERSION = A;
				INFOPLIST_FILE = opmlib/Info.plist;
				INSTALL_PATH = "$(LOCAL_LIBRARY_DIR)/Frameworks";
				LD_RUNPATH_SEARCH_PATHS = "$(inherited) @executable_path/../Frameworks @loader_path/Frameworks";
				PRODUCT_NAME = "$(TARGET_NAME)";
				SKIP_INSTALL = YES;
			};
			name = Debug;
		};
		421336A31A202C8B00E4A888 /* Release */ = {
			isa = XCBuildConfiguration;
			buildSettings = {
				COMBINE_HIDPI_IMAGES = YES;
				DEFINES_MODULE = YES;
				DYLIB_COMPATIBILITY_VERSION = 1;
				DYLIB_CURRENT_VERSION = 1;
				DYLIB_INSTALL_NAME_BASE = "@rpath";
				FRAMEWORK_VERSION = A;
				INFOPLIST_FILE = opmlib/Info.plist;
				INSTALL_PATH = "$(LOCAL_LIBRARY_DIR)/Frameworks";
				LD_RUNPATH_SEARCH_PATHS = "$(inherited) @executable_path/../Frameworks @loader_path/Frameworks";
				PRODUCT_NAME = "$(TARGET_NAME)";
				SKIP_INSTALL = YES;
			};
			name = Release;
		};
		421336A51A202C8B00E4A888 /* Debug */ = {
			isa = XCBuildConfiguration;
			buildSettings = {
				COMBINE_HIDPI_IMAGES = YES;
				FRAMEWORK_SEARCH_PATHS = (
					"$(DEVELOPER_FRAMEWORKS_DIR)",
					"$(inherited)",
				);
				GCC_PREPROCESSOR_DEFINITIONS = (
					"DEBUG=1",
					"$(inherited)",
				);
				INFOPLIST_FILE = opmlibTests/Info.plist;
				LD_RUNPATH_SEARCH_PATHS = "$(inherited) @executable_path/../Frameworks @loader_path/../Frameworks";
				PRODUCT_NAME = "$(TARGET_NAME)";
			};
			name = Debug;
		};
		421336A61A202C8B00E4A888 /* Release */ = {
			isa = XCBuildConfiguration;
			buildSettings = {
				COMBINE_HIDPI_IMAGES = YES;
				FRAMEWORK_SEARCH_PATHS = (
					"$(DEVELOPER_FRAMEWORKS_DIR)",
					"$(inherited)",
				);
				INFOPLIST_FILE = opmlibTests/Info.plist;
				LD_RUNPATH_SEARCH_PATHS = "$(inherited) @executable_path/../Frameworks @loader_path/../Frameworks";
				PRODUCT_NAME = "$(TARGET_NAME)";
			};
			name = Release;
		};
/* End XCBuildConfiguration section */

/* Begin XCConfigurationList section */
		421336851A202C8B00E4A888 /* Build configuration list for PBXProject "opmlib" */ = {
			isa = XCConfigurationList;
			buildConfigurations = (
				4213369F1A202C8B00E4A888 /* Debug */,
				421336A01A202C8B00E4A888 /* Release */,
			);
			defaultConfigurationIsVisible = 0;
			defaultConfigurationName = Release;
		};
		421336A11A202C8B00E4A888 /* Build configuration list for PBXNativeTarget "opmlib" */ = {
			isa = XCConfigurationList;
			buildConfigurations = (
				421336A21A202C8B00E4A888 /* Debug */,
				421336A31A202C8B00E4A888 /* Release */,
			);
			defaultConfigurationIsVisible = 0;
			defaultConfigurationName = Release;
		};
		421336A41A202C8B00E4A888 /* Build configuration list for PBXNativeTarget "opmlibTests" */ = {
			isa = XCConfigurationList;
			buildConfigurations = (
				421336A51A202C8B00E4A888 /* Debug */,
				421336A61A202C8B00E4A888 /* Release */,
			);
			defaultConfigurationIsVisible = 0;
			defaultConfigurationName = Release;
		};
/* End XCConfigurationList section */
	};
	rootObject = 421336821A202C8B00E4A888 /* Project object */;
}
